
Microsoft Visual Studio Solution File, Format Version 12.00
# Visual Studio Version 16
VisualStudioVersion = 16.0.29403.142
MinimumVisualStudioVersion = 10.0.40219.1
Project("{FAE04EC0-301F-11D3-BF4B-00C04F79EFBC}") = "Roqwe", "Roqwe.csproj", "{352C0048-D282-4FD3-ABDA-A839F998A026}"
EndProject
Global
	GlobalSection(SolutionConfigurationPlatforms) = preSolution
		Debug|Any CPU = Debug|Any CPU
		Release|Any CPU = Release|Any CPU
	EndGlobalSection
	GlobalSection(ProjectConfigurationPlatforms) = postSolution
		{352C0048-D282-4FD3-ABDA-A839F998A026}.Debug|Any CPU.ActiveCfg = Debug|Any CPU
		{352C0048-D282-4FD3-ABDA-A839F998A026}.Debug|Any CPU.Build.0 = Debug|Any CPU
		{352C0048-D282-4FD3-ABDA-A839F998A026}.Release|Any CPU.ActiveCfg = Release|Any CPU
		{352C0048-D282-4FD3-ABDA-A839F998A026}.Release|Any CPU.Build.0 = Release|Any CPU
	EndGlobalSection
	GlobalSection(SolutionProperties) = preSolution
		HideSolutionNode = FALSE
	EndGlobalSection
	GlobalSection(ExtensibilityGlobals) = postSolution
		SolutionGuid = {83340A8C-11E2-460C-8FB9-5B2BC8B949EA}
	EndGlobalSection
EndGlobal
